
Microsoft Visual Studio Solution File, Format Version 12.00
# Visual Studio Version 17
VisualStudioVersion = 17.5.002.0
MinimumVisualStudioVersion = 10.0.40219.1
Project("{9A19103F-16F7-4668-BE54-9A1E7A4F7556}") = "kodlamaioDemo", "kodlamaioDemo.csproj", "{BE998458-DEDB-4DB8-8CA8-FF139388E0FB}"
EndProject
Global
	GlobalSection(SolutionConfigurationPlatforms) = preSolution
		Debug|Any CPU = Debug|Any CPU
		Release|Any CPU = Release|Any CPU
	EndGlobalSection
	GlobalSection(ProjectConfigurationPlatforms) = postSolution
		{BE998458-DEDB-4DB8-8CA8-FF139388E0FB}.Debug|Any CPU.ActiveCfg = Debug|Any CPU
		{BE998458-DEDB-4DB8-8CA8-FF139388E0FB}.Debug|Any CPU.Build.0 = Debug|Any CPU
		{BE998458-DEDB-4DB8-8CA8-FF139388E0FB}.Release|Any CPU.ActiveCfg = Release|Any CPU
		{BE998458-DEDB-4DB8-8CA8-FF139388E0FB}.Release|Any CPU.Build.0 = Release|Any CPU
	EndGlobalSection
	GlobalSection(SolutionProperties) = preSolution
		HideSolutionNode = FALSE
	EndGlobalSection
	GlobalSection(ExtensibilityGlobals) = postSolution
		SolutionGuid = {1E1310AC-C523-432D-A4BC-4FCAEEE565EE}
	EndGlobalSection
EndGlobal
